
Microsoft Visual Studio Solution File, Format Version 12.00
# Visual Studio Version 17
VisualStudioVersion = 17.9.34526.213
MinimumVisualStudioVersion = 10.0.40219.1
Project("{9A19103F-16F7-4668-BE54-9A1E7A4F7556}") = "WebApplication", "WebApplication\WebApplication.csproj", "{C1B8E523-E844-418B-989F-79D3008B9049}"
EndProject
Project("{FAE04EC0-301F-11D3-BF4B-00C04F79EFBC}") = "ConsoleAppIndexer", "ConsoleAppIndexer\ConsoleAppIndexer.csproj", "{07FF7989-C03C-4F8D-B85F-E4242A123FAA}"
EndProject
Global
	GlobalSection(SolutionConfigurationPlatforms) = preSolution
		Debug|Any CPU = Debug|Any CPU
		Release|Any CPU = Release|Any CPU
	EndGlobalSection
	GlobalSection(ProjectConfigurationPlatforms) = postSolution
		{C1B8E523-E844-418B-989F-79D3008B9049}.Debug|Any CPU.ActiveCfg = Debug|Any CPU
		{C1B8E523-E844-418B-989F-79D3008B9049}.Debug|Any CPU.Build.0 = Debug|Any CPU
		{C1B8E523-E844-418B-989F-79D3008B9049}.Release|Any CPU.ActiveCfg = Release|Any CPU
		{C1B8E523-E844-418B-989F-79D3008B9049}.Release|Any CPU.Build.0 = Release|Any CPU
		{07FF7989-C03C-4F8D-B85F-E4242A123FAA}.Debug|Any CPU.ActiveCfg = Debug|Any CPU
		{07FF7989-C03C-4F8D-B85F-E4242A123FAA}.Debug|Any CPU.Build.0 = Debug|Any CPU
		{07FF7989-C03C-4F8D-B85F-E4242A123FAA}.Release|Any CPU.ActiveCfg = Release|Any CPU
		{07FF7989-C03C-4F8D-B85F-E4242A123FAA}.Release|Any CPU.Build.0 = Release|Any CPU
	EndGlobalSection
	GlobalSection(SolutionProperties) = preSolution
		HideSolutionNode = FALSE
	EndGlobalSection
	GlobalSection(ExtensibilityGlobals) = postSolution
		SolutionGuid = {17241B6E-FD51-43B7-B846-ECCB1729B02D}
	EndGlobalSection
EndGlobal
